# This file is automatically @generated by Cargo.
# It is not intended for manual editing.
version = 4

[[package]]
name = "prism-app"
version = "0.1.0"
dependencies = [
 "prism-domain",
 "prism-ipc",
]

[[package]]
name = "prism-core"
version = "0.1.0"
dependencies = [
 "prism-domain",
]

[[package]]
name = "prism-domain"
version = "0.1.0"

[[package]]
name = "prism-engine"
version = "0.1.0"
dependencies = [
 "prism-domain",
]

[[package]]
name = "prism-ipc"
version = "0.1.0"
dependencies = [
 "prism-domain",
]

[[package]]
name = "prism-protocols"
version = "0.1.0"
dependencies = [
 "prism-domain",
]

[[package]]
name = "prism-surface"
version = "0.1.0"
dependencies = [
 "prism-domain",
]

[[package]]
name = "prismd"
version = "0.1.0"
dependencies = [
 "prism-core",
 "prism-domain",
 "prism-engine",
 "prism-ipc",
 "prism-protocols",
 "prism-surface",
]
